
Microsoft Visual Studio Solution File, Format Version 12.00
# Visual Studio 15
VisualStudioVersion = 15.0.27004.2010
MinimumVisualStudioVersion = 10.0.40219.1
Project("{FAE04EC0-301F-11D3-BF4B-00C04F79EFBC}") = "NewLife.NoDb", "NewLife.NoDb\NewLife.NoDb.csproj", "{10BBCB6A-0FC3-4145-B39F-AD63E328A585}"
EndProject
Project("{FAE04EC0-301F-11D3-BF4B-00C04F79EFBC}") = "Test", "Test\Test.csproj", "{C4BB2B56-969C-42EC-BB57-C65AE5191AA3}"
EndProject
Global
	GlobalSection(SolutionConfigurationPlatforms) = preSolution
		Debug|Any CPU = Debug|Any CPU
		Release|Any CPU = Release|Any CPU
	EndGlobalSection
	GlobalSection(ProjectConfigurationPlatforms) = postSolution
		{10BBCB6A-0FC3-4145-B39F-AD63E328A585}.Debug|Any CPU.ActiveCfg = Debug|Any CPU
		{10BBCB6A-0FC3-4145-B39F-AD63E328A585}.Debug|Any CPU.Build.0 = Debug|Any CPU
		{10BBCB6A-0FC3-4145-B39F-AD63E328A585}.Release|Any CPU.ActiveCfg = Release|Any CPU
		{10BBCB6A-0FC3-4145-B39F-AD63E328A585}.Release|Any CPU.Build.0 = Release|Any CPU
		{C4BB2B56-969C-42EC-BB57-C65AE5191AA3}.Debug|Any CPU.ActiveCfg = Debug|Any CPU
		{C4BB2B56-969C-42EC-BB57-C65AE5191AA3}.Debug|Any CPU.Build.0 = Debug|Any CPU
		{C4BB2B56-969C-42EC-BB57-C65AE5191AA3}.Release|Any CPU.ActiveCfg = Release|Any CPU
		{C4BB2B56-969C-42EC-BB57-C65AE5191AA3}.Release|Any CPU.Build.0 = Release|Any CPU
	EndGlobalSection
	GlobalSection(SolutionProperties) = preSolution
		HideSolutionNode = FALSE
	EndGlobalSection
	GlobalSection(ExtensibilityGlobals) = postSolution
		SolutionGuid = {1EAAC950-4EB4-4BBA-B597-52BBC2577DC6}
	EndGlobalSection
EndGlobal
