
Microsoft Visual Studio Solution File, Format Version 12.00
# Visual Studio 15
VisualStudioVersion = 15.0.26730.3
MinimumVisualStudioVersion = 10.0.40219.1
Project("{FAE04EC0-301F-11D3-BF4B-00C04F79EFBC}") = "NewLife.NoDb", "NewLife.NoDb\NewLife.NoDb.csproj", "{10BBCB6A-0FC3-4145-B39F-AD63E328A585}"
EndProject
Project("{FAE04EC0-301F-11D3-BF4B-00C04F79EFBC}") = "Test", "Test\Test.csproj", "{C4BB2B56-969C-42EC-BB57-C65AE5191AA3}"
EndProject
Project("{9A19103F-16F7-4668-BE54-9A1E7A4F7556}") = "test1", "..\test1\test1.csproj", "{032DD2F7-8C18-49F8-86A5-F5B018AEC58A}"
EndProject
Project("{2150E333-8FDC-42A3-9474-1A3956D46DE8}") = "UnitTest", "UnitTest", "{2B487B9F-83F0-4CE4-BD0A-47C8137A9056}"
EndProject
Global
	GlobalSection(SolutionConfigurationPlatforms) = preSolution
		Debug|Any CPU = Debug|Any CPU
		Debug|x64 = Debug|x64
		Release|Any CPU = Release|Any CPU
		Release|x64 = Release|x64
	EndGlobalSection
	GlobalSection(ProjectConfigurationPlatforms) = postSolution
		{10BBCB6A-0FC3-4145-B39F-AD63E328A585}.Debug|Any CPU.ActiveCfg = Debug|Any CPU
		{10BBCB6A-0FC3-4145-B39F-AD63E328A585}.Debug|Any CPU.Build.0 = Debug|Any CPU
		{10BBCB6A-0FC3-4145-B39F-AD63E328A585}.Debug|x64.ActiveCfg = Debug|Any CPU
		{10BBCB6A-0FC3-4145-B39F-AD63E328A585}.Debug|x64.Build.0 = Debug|Any CPU
		{10BBCB6A-0FC3-4145-B39F-AD63E328A585}.Release|Any CPU.ActiveCfg = Release|Any CPU
		{10BBCB6A-0FC3-4145-B39F-AD63E328A585}.Release|Any CPU.Build.0 = Release|Any CPU
		{10BBCB6A-0FC3-4145-B39F-AD63E328A585}.Release|x64.ActiveCfg = Release|Any CPU
		{10BBCB6A-0FC3-4145-B39F-AD63E328A585}.Release|x64.Build.0 = Release|Any CPU
		{C4BB2B56-969C-42EC-BB57-C65AE5191AA3}.Debug|Any CPU.ActiveCfg = Debug|Any CPU
		{C4BB2B56-969C-42EC-BB57-C65AE5191AA3}.Debug|Any CPU.Build.0 = Debug|Any CPU
		{C4BB2B56-969C-42EC-BB57-C65AE5191AA3}.Debug|x64.ActiveCfg = Debug|Any CPU
		{C4BB2B56-969C-42EC-BB57-C65AE5191AA3}.Debug|x64.Build.0 = Debug|Any CPU
		{C4BB2B56-969C-42EC-BB57-C65AE5191AA3}.Release|Any CPU.ActiveCfg = Release|Any CPU
		{C4BB2B56-969C-42EC-BB57-C65AE5191AA3}.Release|Any CPU.Build.0 = Release|Any CPU
		{C4BB2B56-969C-42EC-BB57-C65AE5191AA3}.Release|x64.ActiveCfg = Release|Any CPU
		{C4BB2B56-969C-42EC-BB57-C65AE5191AA3}.Release|x64.Build.0 = Release|Any CPU
		{032DD2F7-8C18-49F8-86A5-F5B018AEC58A}.Debug|Any CPU.ActiveCfg = Debug|Any CPU
		{032DD2F7-8C18-49F8-86A5-F5B018AEC58A}.Debug|Any CPU.Build.0 = Debug|Any CPU
		{032DD2F7-8C18-49F8-86A5-F5B018AEC58A}.Debug|x64.ActiveCfg = Debug|x64
		{032DD2F7-8C18-49F8-86A5-F5B018AEC58A}.Debug|x64.Build.0 = Debug|x64
		{032DD2F7-8C18-49F8-86A5-F5B018AEC58A}.Release|Any CPU.ActiveCfg = Release|Any CPU
		{032DD2F7-8C18-49F8-86A5-F5B018AEC58A}.Release|Any CPU.Build.0 = Release|Any CPU
		{032DD2F7-8C18-49F8-86A5-F5B018AEC58A}.Release|x64.ActiveCfg = Release|x64
		{032DD2F7-8C18-49F8-86A5-F5B018AEC58A}.Release|x64.Build.0 = Release|x64
	EndGlobalSection
	GlobalSection(SolutionProperties) = preSolution
		HideSolutionNode = FALSE
	EndGlobalSection
	GlobalSection(NestedProjects) = preSolution
		{C4BB2B56-969C-42EC-BB57-C65AE5191AA3} = {2B487B9F-83F0-4CE4-BD0A-47C8137A9056}
		{032DD2F7-8C18-49F8-86A5-F5B018AEC58A} = {2B487B9F-83F0-4CE4-BD0A-47C8137A9056}
	EndGlobalSection
	GlobalSection(ExtensibilityGlobals) = postSolution
		SolutionGuid = {1EAAC950-4EB4-4BBA-B597-52BBC2577DC6}
	EndGlobalSection
EndGlobal
